
Microsoft Visual Studio Solution File, Format Version 12.00
# Visual Studio Version 17
VisualStudioVersion = 17.4.33213.308
MinimumVisualStudioVersion = 10.0.40219.1
Project("{FAE04EC0-301F-11D3-BF4B-00C04F79EFBC}") = "Delegate, multicasting", "Delegate, multicasting.csproj", "{BEEE29D8-0C29-4766-9729-6046EC60251F}"
EndProject
Global
	GlobalSection(SolutionConfigurationPlatforms) = preSolution
		Debug|Any CPU = Debug|Any CPU
		Release|Any CPU = Release|Any CPU
	EndGlobalSection
	GlobalSection(ProjectConfigurationPlatforms) = postSolution
		{BEEE29D8-0C29-4766-9729-6046EC60251F}.Debug|Any CPU.ActiveCfg = Debug|Any CPU
		{BEEE29D8-0C29-4766-9729-6046EC60251F}.Debug|Any CPU.Build.0 = Debug|Any CPU
		{BEEE29D8-0C29-4766-9729-6046EC60251F}.Release|Any CPU.ActiveCfg = Release|Any CPU
		{BEEE29D8-0C29-4766-9729-6046EC60251F}.Release|Any CPU.Build.0 = Release|Any CPU
	EndGlobalSection
	GlobalSection(SolutionProperties) = preSolution
		HideSolutionNode = FALSE
	EndGlobalSection
	GlobalSection(ExtensibilityGlobals) = postSolution
		SolutionGuid = {66FA75EE-EE8B-4B13-90C3-787BA3779EE5}
	EndGlobalSection
EndGlobal
